{
  "name": "querylog",
  "version": "0.1.0",
  "lockfileVersion": 1,
  "requires": true,
  "dependencies": {
    "dns-packet": {
      "version": "5.2.2",
      "resolved": "https://registry.npmjs.org/dns-packet/-/dns-packet-5.2.2.tgz",
      "integrity": "sha512-sQN+vLwC3PvOXiCH/oHcdzML2opFeIdVh8gjjMZrM45n4dR80QF6o3AzInQy6F9Eoc0VJYog4JpQTilt4RFLYQ==",
      "requires": {
        "ip": "^1.1.5"
      }
    },
    "ip": {
      "version": "1.1.9",
      "resolved": "https://registry.npmjs.org/ip/-/ip-1.1.9.tgz",
      "integrity": "sha512-cyRxvOEpNHNtchU3Ln9KC/auJgup87llfQpQ+t5ghoC/UhL16SWzbueiCsdTnWmqAWl7LadfuwhlqmtOaqMHdQ=="
    }
  }
}
