{
  "name": "querylog",
  "version": "0.1.0",
  "lockfileVersion": 1,
  "requires": true,
  "dependencies": {
    "@leichtgewicht/ip-codec": {
      "version": "2.0.5",
      "resolved": "https://registry.npmjs.org/@leichtgewicht/ip-codec/-/ip-codec-2.0.5.tgz",
      "integrity": "sha512-Vo+PSpZG2/fmgmiNzYK9qWRh8h/CHrwD0mo1h1DzL4yzHNSfWYujGTYsWGreD000gcgmZ7K4Ys6Tx9TxtsKdDw=="
    },
    "dns-packet": {
      "version": "5.6.1",
      "resolved": "https://registry.npmjs.org/dns-packet/-/dns-packet-5.6.1.tgz",
      "integrity": "sha512-l4gcSouhcgIKRvyy99RNVOgxXiicE+2jZoNmaNmZ6JXiGajBOJAesk1OBlJuM5k2c+eudGdLxDqXuPCKIj6kpw==",
      "requires": {
        "@leichtgewicht/ip-codec": "^2.0.1"
      }
    }
  }
}
