{
  "name": "querylog",
  "version": "0.1.0",
  "lockfileVersion": 1,
  "requires": true,
  "dependencies": {
    "dns-packet": {
      "version": "5.2.1",
      "resolved": "https://registry.npmjs.org/dns-packet/-/dns-packet-5.2.1.tgz",
      "integrity": "sha512-JHj2yJeKOqlxzeuYpN1d56GfhzivAxavNwHj9co3qptECel27B1rLY5PifJAvubsInX5pGLDjAHuCfCUc2Zv/w==",
      "requires": {
        "ip": "^1.1.5"
      }
    },
    "ip": {
      "version": "1.1.9",
      "resolved": "https://registry.npmjs.org/ip/-/ip-1.1.9.tgz",
      "integrity": "sha512-cyRxvOEpNHNtchU3Ln9KC/auJgup87llfQpQ+t5ghoC/UhL16SWzbueiCsdTnWmqAWl7LadfuwhlqmtOaqMHdQ=="
    }
  }
}
